// !$*UTF8*$!
{
	archiveVersion = 1;
	classes = {
	};
	objectVersion = 46;
	objects = {

/* Begin PBXBuildFile section */
		69C76992D39A74F8641D2A50 /* libPods-OovooTest.a in Frameworks */ = {isa = PBXBuildFile; fileRef = 6F3B4ACC806FD14D993F3689 /* libPods-OovooTest.a */; };
		B19BA37F1B81F18400997D17 /* main.m in Sources */ = {isa = PBXBuildFile; fileRef = B19BA37E1B81F18400997D17 /* main.m */; };
		B19BA3821B81F18400997D17 /* AppDelegate.m in Sources */ = {isa = PBXBuildFile; fileRef = B19BA3811B81F18400997D17 /* AppDelegate.m */; };
		B19BA3851B81F18400997D17 /* ViewController.m in Sources */ = {isa = PBXBuildFile; fileRef = B19BA3841B81F18400997D17 /* ViewController.m */; };
		B19BA3881B81F18400997D17 /* Main.storyboard in Resources */ = {isa = PBXBuildFile; fileRef = B19BA3861B81F18400997D17 /* Main.storyboard */; };
		B19BA38A1B81F18400997D17 /* Images.xcassets in Resources */ = {isa = PBXBuildFile; fileRef = B19BA3891B81F18400997D17 /* Images.xcassets */; };
		B19BA38D1B81F18400997D17 /* LaunchScreen.xib in Resources */ = {isa = PBXBuildFile; fileRef = B19BA38B1B81F18400997D17 /* LaunchScreen.xib */; };
		B19BA3991B81F18400997D17 /* OovooTestTests.m in Sources */ = {isa = PBXBuildFile; fileRef = B19BA3981B81F18400997D17 /* OovooTestTests.m */; };
/* End PBXBuildFile section */

/* Begin PBXContainerItemProxy section */
		B19BA3931B81F18400997D17 /* PBXContainerItemProxy */ = {
			isa = PBXContainerItemProxy;
			containerPortal = B19BA3711B81F18400997D17 /* Project object */;
			proxyType = 1;
			remoteGlobalIDString = B19BA3781B81F18400997D17;
			remoteInfo = OovooTest;
		};
/* End PBXContainerItemProxy section */

/* Begin PBXFileReference section */
		6F3B4ACC806FD14D993F3689 /* libPods-OovooTest.a */ = {isa = PBXFileReference; explicitFileType = archive.ar; includeInIndex = 0; path = "libPods-OovooTest.a"; sourceTree = BUILT_PRODUCTS_DIR; };
		780587E46E2C8A66DC5360E6 /* Pods-OovooTest.release.xcconfig */ = {isa = PBXFileReference; includeInIndex = 1; lastKnownFileType = text.xcconfig; name = "Pods-OovooTest.release.xcconfig"; path = "Pods/Target Support Files/Pods-OovooTest/Pods-OovooTest.release.xcconfig"; sourceTree = "<group>"; };
		9E10E75CFB131752C0341EE3 /* Pods-OovooTest.debug.xcconfig */ = {isa = PBXFileReference; includeInIndex = 1; lastKnownFileType = text.xcconfig; name = "Pods-OovooTest.debug.xcconfig"; path = "Pods/Target Support Files/Pods-OovooTest/Pods-OovooTest.debug.xcconfig"; sourceTree = "<group>"; };
		B19BA3791B81F18400997D17 /* OovooTest.app */ = {isa = PBXFileReference; explicitFileType = wrapper.application; includeInIndex = 0; path = OovooTest.app; sourceTree = BUILT_PRODUCTS_DIR; };
		B19BA37D1B81F18400997D17 /* Info.plist */ = {isa = PBXFileReference; lastKnownFileType = text.plist.xml; path = Info.plist; sourceTree = "<group>"; };
		B19BA37E1B81F18400997D17 /* main.m */ = {isa = PBXFileReference; lastKnownFileType = sourcecode.c.objc; path = main.m; sourceTree = "<group>"; };
		B19BA3801B81F18400997D17 /* AppDelegate.h */ = {isa = PBXFileReference; lastKnownFileType = sourcecode.c.h; path = AppDelegate.h; sourceTree = "<group>"; };
		B19BA3811B81F18400997D17 /* AppDelegate.m */ = {isa = PBXFileReference; lastKnownFileType = sourcecode.c.objc; path = AppDelegate.m; sourceTree = "<group>"; };
		B19BA3831B81F18400997D17 /* ViewController.h */ = {isa = PBXFileReference; lastKnownFileType = sourcecode.c.h; path = ViewController.h; sourceTree = "<group>"; };
		B19BA3841B81F18400997D17 /* ViewController.m */ = {isa = PBXFileReference; lastKnownFileType = sourcecode.c.objc; path = ViewController.m; sourceTree = "<group>"; };
		B19BA3871B81F18400997D17 /* Base */ = {isa = PBXFileReference; lastKnownFileType = file.storyboard; name = Base; path = Base.lproj/Main.storyboard; sourceTree = "<group>"; };
		B19BA3891B81F18400997D17 /* Images.xcassets */ = {isa = PBXFileReference; lastKnownFileType = folder.assetcatalog; path = Images.xcassets; sourceTree = "<group>"; };
		B19BA38C1B81F18400997D17 /* Base */ = {isa = PBXFileReference; lastKnownFileType = file.xib; name = Base; path = Base.lproj/LaunchScreen.xib; sourceTree = "<group>"; };
		B19BA3921B81F18400997D17 /* OovooTestTests.xctest */ = {isa = PBXFileReference; explicitFileType = wrapper.cfbundle; includeInIndex = 0; path = OovooTestTests.xctest; sourceTree = BUILT_PRODUCTS_DIR; };
		B19BA3971B81F18400997D17 /* Info.plist */ = {isa = PBXFileReference; lastKnownFileType = text.plist.xml; path = Info.plist; sourceTree = "<group>"; };
		B19BA3981B81F18400997D17 /* OovooTestTests.m */ = {isa = PBXFileReference; lastKnownFileType = sourcecode.c.objc; path = OovooTestTests.m; sourceTree = "<group>"; };
/* End PBXFileReference section */

/* Begin PBXFrameworksBuildPhase section */
		B19BA3761B81F18400997D17 /* Frameworks */ = {
			isa = PBXFrameworksBuildPhase;
			buildActionMask = 2147483647;
			files = (
				69C76992D39A74F8641D2A50 /* libPods-OovooTest.a in Frameworks */,
			);
			runOnlyForDeploymentPostprocessing = 0;
		};
		B19BA38F1B81F18400997D17 /* Frameworks */ = {
			isa = PBXFrameworksBuildPhase;
			buildActionMask = 2147483647;
			files = (
			);
			runOnlyForDeploymentPostprocessing = 0;
		};
/* End PBXFrameworksBuildPhase section */

/* Begin PBXGroup section */
		05D629FF6E91720792F742DF /* Pods */ = {
			isa = PBXGroup;
			children = (
				9E10E75CFB131752C0341EE3 /* Pods-OovooTest.debug.xcconfig */,
				780587E46E2C8A66DC5360E6 /* Pods-OovooTest.release.xcconfig */,
			);
			name = Pods;
			sourceTree = "<group>";
		};
		254F68F5221C315C558FFAFC /* Frameworks */ = {
			isa = PBXGroup;
			children = (
				6F3B4ACC806FD14D993F3689 /* libPods-OovooTest.a */,
			);
			name = Frameworks;
			sourceTree = "<group>";
		};
		B19BA3701B81F18400997D17 = {
			isa = PBXGroup;
			children = (
				B19BA37B1B81F18400997D17 /* OovooTest */,
				B19BA3951B81F18400997D17 /* OovooTestTests */,
				B19BA37A1B81F18400997D17 /* Products */,
				05D629FF6E91720792F742DF /* Pods */,
				254F68F5221C315C558FFAFC /* Frameworks */,
			);
			sourceTree = "<group>";
		};
		B19BA37A1B81F18400997D17 /* Products */ = {
			isa = PBXGroup;
			children = (
				B19BA3791B81F18400997D17 /* OovooTest.app */,
				B19BA3921B81F18400997D17 /* OovooTestTests.xctest */,
			);
			name = Products;
			sourceTree = "<group>";
		};
		B19BA37B1B81F18400997D17 /* OovooTest */ = {
			isa = PBXGroup;
			children = (
				B19BA3801B81F18400997D17 /* AppDelegate.h */,
				B19BA3811B81F18400997D17 /* AppDelegate.m */,
				B19BA3831B81F18400997D17 /* ViewController.h */,
				B19BA3841B81F18400997D17 /* ViewController.m */,
				B19BA3861B81F18400997D17 /* Main.storyboard */,
				B19BA3891B81F18400997D17 /* Images.xcassets */,
				B19BA38B1B81F18400997D17 /* LaunchScreen.xib */,
				B19BA37C1B81F18400997D17 /* Supporting Files */,
			);
			path = OovooTest;
			sourceTree = "<group>";
		};
		B19BA37C1B81F18400997D17 /* Supporting Files */ = {
			isa = PBXGroup;
			children = (
				B19BA37D1B81F18400997D17 /* Info.plist */,
				B19BA37E1B81F18400997D17 /* main.m */,
			);
			name = "Supporting Files";
			sourceTree = "<group>";
		};
		B19BA3951B81F18400997D17 /* OovooTestTests */ = {
			isa = PBXGroup;
			children = (
				B19BA3981B81F18400997D17 /* OovooTestTests.m */,
				B19BA3961B81F18400997D17 /* Supporting Files */,
			);
			path = OovooTestTests;
			sourceTree = "<group>";
		};
		B19BA3961B81F18400997D17 /* Supporting Files */ = {
			isa = PBXGroup;
			children = (
				B19BA3971B81F18400997D17 /* Info.plist */,
			);
			name = "Supporting Files";
			sourceTree = "<group>";
		};
/* End PBXGroup section */

/* Begin PBXNativeTarget section */
		B19BA3781B81F18400997D17 /* OovooTest */ = {
			isa = PBXNativeTarget;
			buildConfigurationList = B19BA39C1B81F18400997D17 /* Build configuration list for PBXNativeTarget "OovooTest" */;
			buildPhases = (
				F3ACDD8AF70C70666DEFD9C6 /* Check Pods Manifest.lock */,
				B19BA3751B81F18400997D17 /* Sources */,
				B19BA3761B81F18400997D17 /* Frameworks */,
				B19BA3771B81F18400997D17 /* Resources */,
				5F51AE585F2329ECD3C4508D /* Copy Pods Resources */,
			);
			buildRules = (
			);
			dependencies = (
			);
			name = OovooTest;
			productName = OovooTest;
			productReference = B19BA3791B81F18400997D17 /* OovooTest.app */;
			productType = "com.apple.product-type.application";
		};
		B19BA3911B81F18400997D17 /* OovooTestTests */ = {
			isa = PBXNativeTarget;
			buildConfigurationList = B19BA39F1B81F18400997D17 /* Build configuration list for PBXNativeTarget "OovooTestTests" */;
			buildPhases = (
				B19BA38E1B81F18400997D17 /* Sources */,
				B19BA38F1B81F18400997D17 /* Frameworks */,
				B19BA3901B81F18400997D17 /* Resources */,
			);
			buildRules = (
			);
			dependencies = (
				B19BA3941B81F18400997D17 /* PBXTargetDependency */,
			);
			name = OovooTestTests;
			productName = OovooTestTests;
			productReference = B19BA3921B81F18400997D17 /* OovooTestTests.xctest */;
			productType = "com.apple.product-type.bundle.unit-test";
		};
/* End PBXNativeTarget section */

/* Begin PBXProject section */
		B19BA3711B81F18400997D17 /* Project object */ = {
			isa = PBXProject;
			attributes = {
				LastUpgradeCheck = 0640;
				ORGANIZATIONNAME = young1park;
				TargetAttributes = {
					B19BA3781B81F18400997D17 = {
						CreatedOnToolsVersion = 6.4;
					};
					B19BA3911B81F18400997D17 = {
						CreatedOnToolsVersion = 6.4;
						TestTargetID = B19BA3781B81F18400997D17;
					};
				};
			};
			buildConfigurationList = B19BA3741B81F18400997D17 /* Build configuration list for PBXProject "OovooTest" */;
			compatibilityVersion = "Xcode 3.2";
			developmentRegion = English;
			hasScannedForEncodings = 0;
			knownRegions = (
				en,
				Base,
			);
			mainGroup = B19BA3701B81F18400997D17;
			productRefGroup = B19BA37A1B81F18400997D17 /* Products */;
			projectDirPath = "";
			projectRoot = "";
			targets = (
				B19BA3781B81F18400997D17 /* OovooTest */,
				B19BA3911B81F18400997D17 /* OovooTestTests */,
			);
		};
/* End PBXProject section */

/* Begin PBXResourcesBuildPhase section */
		B19BA3771B81F18400997D17 /* Resources */ = {
			isa = PBXResourcesBuildPhase;
			buildActionMask = 2147483647;
			files = (
				B19BA3881B81F18400997D17 /* Main.storyboard in Resources */,
				B19BA38D1B81F18400997D17 /* LaunchScreen.xib in Resources */,
				B19BA38A1B81F18400997D17 /* Images.xcassets in Resources */,
			);
			runOnlyForDeploymentPostprocessing = 0;
		};
		B19BA3901B81F18400997D17 /* Resources */ = {
			isa = PBXResourcesBuildPhase;
			buildActionMask = 2147483647;
			files = (
			);
			runOnlyForDeploymentPostprocessing = 0;
		};
/* End PBXResourcesBuildPhase section */

/* Begin PBXShellScriptBuildPhase section */
		5F51AE585F2329ECD3C4508D /* Copy Pods Resources */ = {
			isa = PBXShellScriptBuildPhase;
			buildActionMask = 2147483647;
			files = (
			);
			inputPaths = (
			);
			name = "Copy Pods Resources";
			outputPaths = (
			);
			runOnlyForDeploymentPostprocessing = 0;
			shellPath = /bin/sh;
			shellScript = "\"${SRCROOT}/Pods/Target Support Files/Pods-OovooTest/Pods-OovooTest-resources.sh\"\n";
			showEnvVarsInLog = 0;
		};
		F3ACDD8AF70C70666DEFD9C6 /* Check Pods Manifest.lock */ = {
			isa = PBXShellScriptBuildPhase;
			buildActionMask = 2147483647;
			files = (
			);
			inputPaths = (
			);
			name = "Check Pods Manifest.lock";
			outputPaths = (
			);
			runOnlyForDeploymentPostprocessing = 0;
			shellPath = /bin/sh;
			shellScript = "diff \"${PODS_ROOT}/../Podfile.lock\" \"${PODS_ROOT}/Manifest.lock\" > /dev/null\nif [[ $? != 0 ]] ; then\n    cat << EOM\nerror: The sandbox is not in sync with the Podfile.lock. Run 'pod install' or update your CocoaPods installation.\nEOM\n    exit 1\nfi\n";
			showEnvVarsInLog = 0;
		};
/* End PBXShellScriptBuildPhase section */

/* Begin PBXSourcesBuildPhase section */
		B19BA3751B81F18400997D17 /* Sources */ = {
			isa = PBXSourcesBuildPhase;
			buildActionMask = 2147483647;
			files = (
				B19BA3851B81F18400997D17 /* ViewController.m in Sources */,
				B19BA3821B81F18400997D17 /* AppDelegate.m in Sources */,
				B19BA37F1B81F18400997D17 /* main.m in Sources */,
			);
			runOnlyForDeploymentPostprocessing = 0;
		};
		B19BA38E1B81F18400997D17 /* Sources */ = {
			isa = PBXSourcesBuildPhase;
			buildActionMask = 2147483647;
			files = (
				B19BA3991B81F18400997D17 /* OovooTestTests.m in Sources */,
			);
			runOnlyForDeploymentPostprocessing = 0;
		};
/* End PBXSourcesBuildPhase section */

/* Begin PBXTargetDependency section */
		B19BA3941B81F18400997D17 /* PBXTargetDependency */ = {
			isa = PBXTargetDependency;
			target = B19BA3781B81F18400997D17 /* OovooTest */;
			targetProxy = B19BA3931B81F18400997D17 /* PBXContainerItemProxy */;
		};
/* End PBXTargetDependency section */

/* Begin PBXVariantGroup section */
		B19BA3861B81F18400997D17 /* Main.storyboard */ = {
			isa = PBXVariantGroup;
			children = (
				B19BA3871B81F18400997D17 /* Base */,
			);
			name = Main.storyboard;
			sourceTree = "<group>";
		};
		B19BA38B1B81F18400997D17 /* LaunchScreen.xib */ = {
			isa = PBXVariantGroup;
			children = (
				B19BA38C1B81F18400997D17 /* Base */,
			);
			name = LaunchScreen.xib;
			sourceTree = "<group>";
		};
/* End PBXVariantGroup section */

/* Begin XCBuildConfiguration section */
		B19BA39A1B81F18400997D17 /* Debug */ = {
			isa = XCBuildConfiguration;
			buildSettings = {
				ALWAYS_SEARCH_USER_PATHS = NO;
				CLANG_CXX_LANGUAGE_STANDARD = "gnu++0x";
				CLANG_CXX_LIBRARY = "libc++";
				CLANG_ENABLE_MODULES = YES;
				CLANG_ENABLE_OBJC_ARC = YES;
				CLANG_WARN_BOOL_CONVERSION = YES;
				CLANG_WARN_CONSTANT_CONVERSION = YES;
				CLANG_WARN_DIRECT_OBJC_ISA_USAGE = YES_ERROR;
				CLANG_WARN_EMPTY_BODY = YES;
				CLANG_WARN_ENUM_CONVERSION = YES;
				CLANG_WARN_INT_CONVERSION = YES;
				CLANG_WARN_OBJC_ROOT_CLASS = YES_ERROR;
				CLANG_WARN_UNREACHABLE_CODE = YES;
				CLANG_WARN__DUPLICATE_METHOD_MATCH = YES;
				"CODE_SIGN_IDENTITY[sdk=iphoneos*]" = "iPhone Developer";
				COPY_PHASE_STRIP = NO;
				DEBUG_INFORMATION_FORMAT = "dwarf-with-dsym";
				ENABLE_STRICT_OBJC_MSGSEND = YES;
				GCC_C_LANGUAGE_STANDARD = gnu99;
				GCC_DYNAMIC_NO_PIC = NO;
				GCC_NO_COMMON_BLOCKS = YES;
				GCC_OPTIMIZATION_LEVEL = 0;
				GCC_PREPROCESSOR_DEFINITIONS = (
					"DEBUG=1",
					"$(inherited)",
				);
				GCC_SYMBOLS_PRIVATE_EXTERN = NO;
				GCC_WARN_64_TO_32_BIT_CONVERSION = YES;
				GCC_WARN_ABOUT_RETURN_TYPE = YES_ERROR;
				GCC_WARN_UNDECLARED_SELECTOR = YES;
				GCC_WARN_UNINITIALIZED_AUTOS = YES_AGGRESSIVE;
				GCC_WARN_UNUSED_FUNCTION = YES;
				GCC_WARN_UNUSED_VARIABLE = YES;
				IPHONEOS_DEPLOYMENT_TARGET = 8.4;
				MTL_ENABLE_DEBUG_INFO = YES;
				ONLY_ACTIVE_ARCH = YES;
				SDKROOT = iphoneos;
			};
			name = Debug;
		};
		B19BA39B1B81F18400997D17 /* Release */ = {
			isa = XCBuildConfiguration;
			buildSettings = {
				ALWAYS_SEARCH_USER_PATHS = NO;
				CLANG_CXX_LANGUAGE_STANDARD = "gnu++0x";
				CLANG_CXX_LIBRARY = "libc++";
				CLANG_ENABLE_MODULES = YES;
				CLANG_ENABLE_OBJC_ARC = YES;
				CLANG_WARN_BOOL_CONVERSION = YES;
				CLANG_WARN_CONSTANT_CONVERSION = YES;
				CLANG_WARN_DIRECT_OBJC_ISA_USAGE = YES_ERROR;
				CLANG_WARN_EMPTY_BODY = YES;
				CLANG_WARN_ENUM_CONVERSION = YES;
				CLANG_WARN_INT_CONVERSION = YES;
				CLANG_WARN_OBJC_ROOT_CLASS = YES_ERROR;
				CLANG_WARN_UNREACHABLE_CODE = YES;
				CLANG_WARN__DUPLICATE_METHOD_MATCH = YES;
				"CODE_SIGN_IDENTITY[sdk=iphoneos*]" = "iPhone Developer";
				COPY_PHASE_STRIP = NO;
				DEBUG_INFORMATION_FORMAT = "dwarf-with-dsym";
				ENABLE_NS_ASSERTIONS = NO;
				ENABLE_STRICT_OBJC_MSGSEND = YES;
				GCC_C_LANGUAGE_STANDARD = gnu99;
				GCC_NO_COMMON_BLOCKS = YES;
				GCC_WARN_64_TO_32_BIT_CONVERSION = YES;
				GCC_WARN_ABOUT_RETURN_TYPE = YES_ERROR;
				GCC_WARN_UNDECLARED_SELECTOR = YES;
				GCC_WARN_UNINITIALIZED_AUTOS = YES_AGGRESSIVE;
				GCC_WARN_UNUSED_FUNCTION = YES;
				GCC_WARN_UNUSED_VARIABLE = YES;
				IPHONEOS_DEPLOYMENT_TARGET = 8.4;
				MTL_ENABLE_DEBUG_INFO = NO;
				SDKROOT = iphoneos;
				VALIDATE_PRODUCT = YES;
			};
			name = Release;
		};
		B19BA39D1B81F18400997D17 /* Debug */ = {
			isa = XCBuildConfiguration;
			baseConfigurationReference = 9E10E75CFB131752C0341EE3 /* Pods-OovooTest.debug.xcconfig */;
			buildSettings = {
				ASSETCATALOG_COMPILER_APPICON_NAME = AppIcon;
				INFOPLIST_FILE = OovooTest/Info.plist;
				LD_RUNPATH_SEARCH_PATHS = "$(inherited) @executable_path/Frameworks";
				PRODUCT_NAME = "$(TARGET_NAME)";
			};
			name = Debug;
		};
		B19BA39E1B81F18400997D17 /* Release */ = {
			isa = XCBuildConfiguration;
			baseConfigurationReference = 780587E46E2C8A66DC5360E6 /* Pods-OovooTest.release.xcconfig */;
			buildSettings = {
				ASSETCATALOG_COMPILER_APPICON_NAME = AppIcon;
				INFOPLIST_FILE = OovooTest/Info.plist;
				LD_RUNPATH_SEARCH_PATHS = "$(inherited) @executable_path/Frameworks";
				PRODUCT_NAME = "$(TARGET_NAME)";
			};
			name = Release;
		};
		B19BA3A01B81F18400997D17 /* Debug */ = {
			isa = XCBuildConfiguration;
			buildSettings = {
				BUNDLE_LOADER = "$(TEST_HOST)";
				FRAMEWORK_SEARCH_PATHS = (
					"$(SDKROOT)/Developer/Library/Frameworks",
					"$(inherited)",
				);
				GCC_PREPROCESSOR_DEFINITIONS = (
					"DEBUG=1",
					"$(inherited)",
				);
				INFOPLIST_FILE = OovooTestTests/Info.plist;
				LD_RUNPATH_SEARCH_PATHS = "$(inherited) @executable_path/Frameworks @loader_path/Frameworks";
				PRODUCT_NAME = "$(TARGET_NAME)";
				TEST_HOST = "$(BUILT_PRODUCTS_DIR)/OovooTest.app/OovooTest";
			};
			name = Debug;
		};
		B19BA3A11B81F18400997D17 /* Release */ = {
			isa = XCBuildConfiguration;
			buildSettings = {
				BUNDLE_LOADER = "$(TEST_HOST)";
				FRAMEWORK_SEARCH_PATHS = (
					"$(SDKROOT)/Developer/Library/Frameworks",
					"$(inherited)",
				);
				INFOPLIST_FILE = OovooTestTests/Info.plist;
				LD_RUNPATH_SEARCH_PATHS = "$(inherited) @executable_path/Frameworks @loader_path/Frameworks";
				PRODUCT_NAME = "$(TARGET_NAME)";
				TEST_HOST = "$(BUILT_PRODUCTS_DIR)/OovooTest.app/OovooTest";
			};
			name = Release;
		};
/* End XCBuildConfiguration section */

/* Begin XCConfigurationList section */
		B19BA3741B81F18400997D17 /* Build configuration list for PBXProject "OovooTest" */ = {
			isa = XCConfigurationList;
			buildConfigurations = (
				B19BA39A1B81F18400997D17 /* Debug */,
				B19BA39B1B81F18400997D17 /* Release */,
			);
			defaultConfigurationIsVisible = 0;
			defaultConfigurationName = Release;
		};
		B19BA39C1B81F18400997D17 /* Build configuration list for PBXNativeTarget "OovooTest" */ = {
			isa = XCConfigurationList;
			buildConfigurations = (
				B19BA39D1B81F18400997D17 /* Debug */,
				B19BA39E1B81F18400997D17 /* Release */,
			);
			defaultConfigurationIsVisible = 0;
			defaultConfigurationName = Release;
		};
		B19BA39F1B81F18400997D17 /* Build configuration list for PBXNativeTarget "OovooTestTests" */ = {
			isa = XCConfigurationList;
			buildConfigurations = (
				B19BA3A01B81F18400997D17 /* Debug */,
				B19BA3A11B81F18400997D17 /* Release */,
			);
			defaultConfigurationIsVisible = 0;
			defaultConfigurationName = Release;
		};
/* End XCConfigurationList section */
	};
	rootObject = B19BA3711B81F18400997D17 /* Project object */;
}
